
Microsoft Visual Studio Solution File, Format Version 12.00
# Visual Studio 15
VisualStudioVersion = 15.0.28307.1800
MinimumVisualStudioVersion = 10.0.40219.1
Project("{FAE04EC0-301F-11D3-BF4B-00C04F79EFBC}") = "AirBNB", "AirBNB\AirBNB.csproj", "{A6BD73F7-2B54-4BBE-B3AA-A542AA4D6DCE}"
EndProject
Global
	GlobalSection(SolutionConfigurationPlatforms) = preSolution
		Debug|Any CPU = Debug|Any CPU
		Release|Any CPU = Release|Any CPU
	EndGlobalSection
	GlobalSection(ProjectConfigurationPlatforms) = postSolution
		{A6BD73F7-2B54-4BBE-B3AA-A542AA4D6DCE}.Debug|Any CPU.ActiveCfg = Debug|Any CPU
		{A6BD73F7-2B54-4BBE-B3AA-A542AA4D6DCE}.Debug|Any CPU.Build.0 = Debug|Any CPU
		{A6BD73F7-2B54-4BBE-B3AA-A542AA4D6DCE}.Release|Any CPU.ActiveCfg = Release|Any CPU
		{A6BD73F7-2B54-4BBE-B3AA-A542AA4D6DCE}.Release|Any CPU.Build.0 = Release|Any CPU
	EndGlobalSection
	GlobalSection(SolutionProperties) = preSolution
		HideSolutionNode = FALSE
	EndGlobalSection
	GlobalSection(ExtensibilityGlobals) = postSolution
		SolutionGuid = {2E4A4832-B3F3-4699-A73A-E7149CAFB95D}
	EndGlobalSection
EndGlobal
